{
  "version": 4,
  "terraform_version": "1.7.0",
  "serial": 26,
  "lineage": "fd869ca3-289a-ca24-2189-f3414418e806",
  "outputs": {
    "ssh_command": {
      "value": "ssh azureuser@20.199.177.125",
      "type": "string"
    },
    "storage_account_name": {
      "value": "taskmanagerproddauu8phs",
      "type": "string"
    },
    "vm_public_ip": {
      "value": "20.199.177.125",
      "type": "string"
    }
  },
  "resources": [
    {
      "module": "module.infrastructure",
      "mode": "data",
      "type": "cloudinit_config",
      "name": "vm_init",
      "provider": "provider[\"registry.terraform.io/hashicorp/cloudinit\"]",
      "instances": [
        {
          "schema_version": 0,
          "attributes": {
            "base64_encode": true,
            "boundary": "MIMEBOUNDARY",
            "gzip": true,
            "id": "3854885990",
            "part": [
              {
                "content": "#cloud-config\n\n# Update packages on first boot\npackage_update: true\npackage_upgrade: true\n\n# Install required packages\npackages:\n  - curl\n  - wget\n  - git\n  - ufw\n  - fail2ban\n  - unattended-upgrades\n  - apt-transport-https\n  - ca-certificates\n  - software-properties-common\n  - gnupg\n  - lsb-release\n\n# Configure firewall (UFW)\nruncmd:\n  # Install Docker\n  - curl -fsSL https://get.docker.com -o get-docker.sh\n  - sh get-docker.sh\n  - usermod -aG docker azureuser\n  \n  # Install Docker Compose\n  - curl -L \"https://github.com/docker/compose/releases/latest/download/docker-compose-$(uname -s)-$(uname -m)\" -o /usr/local/bin/docker-compose\n  - chmod +x /usr/local/bin/docker-compose\n  \n  # Install Azure CLI (for storage access)\n  - curl -sL https://aka.ms/InstallAzureCLIDeb | bash\n  \n  # Configure UFW firewall\n  - ufw default deny incoming\n  - ufw default allow outgoing\n  - ufw allow 22/tcp\n  - ufw allow 80/tcp\n  - ufw allow 443/tcp\n  - ufw --force enable\n  \n  # Enable fail2ban\n  - systemctl enable fail2ban\n  - systemctl start fail2ban\n  \n  # Create application directory\n  - mkdir -p /opt/task-manager\n  - chown azureuser:azureuser /opt/task-manager\n  \n  # Enable automatic security updates\n  - dpkg-reconfigure --priority=low unattended-upgrades\n\n# Reboot to apply all changes\npower_state:\n  mode: reboot\n  message: \"Rebooting after initial setup\"\n  condition: true",
                "content_type": "text/cloud-config",
                "filename": null,
                "merge_type": null
              }
            ],
            "rendered": "H4sIAAAAAAAA/4RUUWsjNxB+X8h/GJw+JBRlr+lBi8s9XJ1cCSQtXJsefTpmpdm1sFajSiMcl/74Iq1jb3Iu97Tabz7NzDeSvhV7IS/qj12gJYzZiQ0YpR3tE5mfoOPsDcbdu8XD3cPtz789/nrz/uNfi6b8qT8pJst+Cd9dvTlrzhql5qSz5pA7ok89RXXrNRvrhyX80FmZEWpxoSdpteNslGbf2+GsebAjfVHmfM5pmnN4DAaFIKDe4EAJ2ENvYxLomKXZw59zZS1BYqYZOEQ0z2hzDnc+CToHkf7ONpI5ZH3ekpYNgAKdo6uL7UBSF4Odvrnf1m+P1l136CfQowh5Q0btS6aKYxAlZTyBo6i1SJhwjUpTFNtbjbLnJu5li5FUiBxKkJLSPI48lRh8DkNdudSpSI4wVUmrOqgcqUyFtkXdxeOHT5dNzF6Ppug56r5hvaF4kAiqT7/fQ21s2bYDyZWpjCvNIyiGgUTtkbSe2lyfAHOiOLIBhb/AFAH8J0cqeANwogVY8Rg40ayVe1gcGrGyzl1pop3StXqit3vhqXVlcNIa3nrHaPY8teepby6yx5FApcvjerxcFFFtTrF1rNG1nfWvdk4NrYuab5++Sn2h7H2RDKv7O7joOUISjjgQoNaU0uVMaTqOHDd4NaZ2n6JmWN3f3VAH/0KHdby1xvGUHz98Opz0840EQz1mJ2DI78B6zaP1wxdRdI63wFkGnocn+Pq6FR1egT++OQG+ffv9C1SpnqMmII+dO0zltv69fCdpl4RGLW7P/b9oEowyD04ziFSMAENw5d1Y9mBsJC0cdzXBuDE2ggrQcpBWMG3UiB6H5xu/5q0/XszlYXWSPxeBWXhEsRoS6Ryt7GDym+npmrAZVCR9OCOlQrRceO/KwE7ZQ3MOH6k4GAhXSbsyXdBr9NWOeEvxc5LiaQ3AyMXFYt1QfiklHGgJiymH9QNgLxTBeisWHSSSHBYNgGZvrFSDLSb42saVOmv+CwAA//98FFnPJQYAAA=="
          },
          "sensitive_attributes": []
        }
      ]
    },
    {
      "module": "module.infrastructure",
      "mode": "managed",
      "type": "azurerm_linux_virtual_machine",
      "name": "main",
      "provider": "module.infrastructure.provider[\"registry.terraform.io/hashicorp/azurerm\"]",
      "instances": [
        {
          "schema_version": 0,
          "attributes": {
            "additional_capabilities": [],
            "admin_password": null,
            "admin_ssh_key": [
              {
                "public_key": "ssh-rsa AAAAB3NzaC1yc2EAAAADAQABAAACAQDj6tyosBiW2JJJrOyHgU9iLQoExa7502ul+XCvIz8DCr+HbHM4FaoJaAsXb+1PjyCssx9+89tlunVsjuTZ5YFT6eHtYMAY2tZ3K6y5MCLxuaFl/PnA8AwW2Z01+yYVlTV9CFwNTcDmQGrApTRtuQnqSwHqd8nE8jSLoSaFdC6fqKg3kC2PoU+b8I7wLIHk3tpoIWGCk9JhtmWQJuq3MFdBZ4eN543vHzQT3i/OczGogFIXgf1AbZbEqXuSGA9qgp5myehTXiEK2BcsR/NvXaSbiJoXDuacqqGyzXmsimwiBiw6x1F2JHKIJZUojFwC4LxL+kY7axnAT6hcde4wd14R4rjm6+70j7LorCxCSTqSjct8wh2engcWYkz5HFW4KKKiriKW2kIyxb2hLGO/yieVqSjEPws9cpA5Hp10MbusLTgEW96CNWIKzhuLFxvm+294bYi74ggtXlz42n4qn4Rutv+iEUHtL4XRwhsq0hRZPDvnzjlEEJFvTJjKBMSxqZLD9kjy6hEHnCEWBCzi1E5vfvx02lqVazFppETeWLqfAe5nrl1o7/DLMF077UjhrTuH1/B5C+alu94zHrydwhzxm5s/X7KbhK3ETuNmMIm2JelAbAvy7l6qZhe91sg44dF8fUVwPUwqcZEfcOasjmHxehC7utfECjdUNGwVyNrcTQ== taskmanager-azure",
                "username": "azureuser"
              }
            ],
            "admin_username": "azureuser",
            "allow_extension_operations": true,
            "availability_set_id": "",
            "boot_diagnostics": [
              {
                "storage_account_uri": "https://taskmanagerproddauu8phs.blob.core.windows.net/"
              }
            ],
            "bypass_platform_safety_checks_on_user_schedule_enabled": false,
            "capacity_reservation_group_id": "",
            "computer_name": "taskmanager-prod-vm",
            "custom_data": "H4sIAAAAAAAA/4RUUWsjNxB+X8h/GJw+JBRlr+lBi8s9XJ1cCSQtXJsefTpmpdm1sFajSiMcl/74Iq1jb3Iu97Tabz7NzDeSvhV7IS/qj12gJYzZiQ0YpR3tE5mfoOPsDcbdu8XD3cPtz789/nrz/uNfi6b8qT8pJst+Cd9dvTlrzhql5qSz5pA7ok89RXXrNRvrhyX80FmZEWpxoSdpteNslGbf2+GsebAjfVHmfM5pmnN4DAaFIKDe4EAJ2ENvYxLomKXZw59zZS1BYqYZOEQ0z2hzDnc+CToHkf7ONpI5ZH3ekpYNgAKdo6uL7UBSF4Odvrnf1m+P1l136CfQowh5Q0btS6aKYxAlZTyBo6i1SJhwjUpTFNtbjbLnJu5li5FUiBxKkJLSPI48lRh8DkNdudSpSI4wVUmrOqgcqUyFtkXdxeOHT5dNzF6Ppug56r5hvaF4kAiqT7/fQ21s2bYDyZWpjCvNIyiGgUTtkbSe2lyfAHOiOLIBhb/AFAH8J0cqeANwogVY8Rg40ayVe1gcGrGyzl1pop3StXqit3vhqXVlcNIa3nrHaPY8teepby6yx5FApcvjerxcFFFtTrF1rNG1nfWvdk4NrYuab5++Sn2h7H2RDKv7O7joOUISjjgQoNaU0uVMaTqOHDd4NaZ2n6JmWN3f3VAH/0KHdby1xvGUHz98Opz0840EQz1mJ2DI78B6zaP1wxdRdI63wFkGnocn+Pq6FR1egT++OQG+ffv9C1SpnqMmII+dO0zltv69fCdpl4RGLW7P/b9oEowyD04ziFSMAENw5d1Y9mBsJC0cdzXBuDE2ggrQcpBWMG3UiB6H5xu/5q0/XszlYXWSPxeBWXhEsRoS6Ryt7GDym+npmrAZVCR9OCOlQrRceO/KwE7ZQ3MOH6k4GAhXSbsyXdBr9NWOeEvxc5LiaQ3AyMXFYt1QfiklHGgJiymH9QNgLxTBeisWHSSSHBYNgGZvrFSDLSb42saVOmv+CwAA//98FFnPJQYAAA==",
            "dedicated_host_group_id": "",
            "dedicated_host_id": "",
            "disable_password_authentication": true,
            "disk_controller_type": "SCSI",
            "edge_zone": "",
            "encryption_at_host_enabled": false,
            "eviction_policy": "",
            "extensions_time_budget": "PT1H30M",
            "gallery_application": [],
            "id": "/subscriptions/0d1fdf84-878c-482f-ae35-e26ebd56f136/resourceGroups/taskmanager-prod-rg/providers/Microsoft.Compute/virtualMachines/taskmanager-prod-vm",
            "identity": [
              {
                "identity_ids": [
                  "/subscriptions/0d1fdf84-878c-482f-ae35-e26ebd56f136/resourceGroups/taskmanager-prod-rg/providers/Microsoft.ManagedIdentity/userAssignedIdentities/taskmanager-prod-vm-identity"
                ],
                "principal_id": "",
                "tenant_id": "",
                "type": "UserAssigned"
              }
            ],
            "license_type": "",
            "location": "switzerlandnorth",
            "max_bid_price": -1,
            "name": "taskmanager-prod-vm",
            "network_interface_ids": [
              "/subscriptions/0d1fdf84-878c-482f-ae35-e26ebd56f136/resourceGroups/taskmanager-prod-rg/providers/Microsoft.Network/networkInterfaces/taskmanager-prod-vm-nic"
            ],
            "os_disk": [
              {
                "caching": "ReadWrite",
                "diff_disk_settings": [],
                "disk_encryption_set_id": "",
                "disk_size_gb": 30,
                "name": "taskmanager-prod-vm-osdisk",
                "secure_vm_disk_encryption_set_id": "",
                "security_encryption_type": "",
                "storage_account_type": "Standard_LRS",
                "write_accelerator_enabled": false
              }
            ],
            "os_image_notification": [],
            "patch_assessment_mode": "ImageDefault",
            "patch_mode": "ImageDefault",
            "plan": [],
            "platform_fault_domain": -1,
            "priority": "Regular",
            "private_ip_address": "10.0.1.4",
            "private_ip_addresses": [
              "10.0.1.4"
            ],
            "provision_vm_agent": true,
            "proximity_placement_group_id": "",
            "public_ip_address": "20.199.177.125",
            "public_ip_addresses": [
              "20.199.177.125"
            ],
            "reboot_setting": "",
            "resource_group_name": "taskmanager-prod-rg",
            "secret": [],
            "secure_boot_enabled": false,
            "size": "Standard_D2s_v3",
            "source_image_id": "",
            "source_image_reference": [
              {
                "offer": "ubuntu-24_04-lts",
                "publisher": "Canonical",
                "sku": "server",
                "version": "latest"
              }
            ],
            "tags": {
              "Component": "Compute",
              "CostCenter": "DevOps-Portfolio",
              "Environment": "Production",
              "ManagedBy": "Terraform",
              "Owner": "chedli.masmoudi01@gmail.com",
              "Project": "TaskManager",
              "Role": "Application"
            },
            "termination_notification": [],
            "timeouts": null,
            "user_data": "",
            "virtual_machine_id": "d3944276-59e7-4a20-8b0f-97c9485e6f36",
            "virtual_machine_scale_set_id": "",
            "vm_agent_platform_updates_enabled": false,
            "vtpm_enabled": false,
            "zone": ""
          },
          "sensitive_attributes": [],
          "private": "eyJlMmJmYjczMC1lY2FhLTExZTYtOGY4OC0zNDM2M2JjN2M0YzAiOnsiY3JlYXRlIjoyNzAwMDAwMDAwMDAwLCJkZWxldGUiOjI3MDAwMDAwMDAwMDAsInJlYWQiOjMwMDAwMDAwMDAwMCwidXBkYXRlIjoyNzAwMDAwMDAwMDAwfX0=",
          "dependencies": [
            "module.infrastructure.azurerm_network_interface.vm",
            "module.infrastructure.azurerm_public_ip.vm",
            "module.infrastructure.azurerm_resource_group.main",
            "module.infrastructure.azurerm_storage_account.main",
            "module.infrastructure.azurerm_subnet.app",
            "module.infrastructure.azurerm_user_assigned_identity.vm",
            "module.infrastructure.azurerm_virtual_network.main",
            "module.infrastructure.data.cloudinit_config.vm_init",
            "module.infrastructure.random_string.storage"
          ]
        }
      ]
    },
    {
      "module": "module.infrastructure",
      "mode": "managed",
      "type": "azurerm_network_interface",
      "name": "vm",
      "provider": "module.infrastructure.provider[\"registry.terraform.io/hashicorp/azurerm\"]",
      "instances": [
        {
          "schema_version": 0,
          "attributes": {
            "accelerated_networking_enabled": false,
            "applied_dns_servers": [],
            "auxiliary_mode": "",
            "auxiliary_sku": "",
            "dns_servers": [],
            "edge_zone": "",
            "enable_accelerated_networking": false,
            "enable_ip_forwarding": false,
            "id": "/subscriptions/0d1fdf84-878c-482f-ae35-e26ebd56f136/resourceGroups/taskmanager-prod-rg/providers/Microsoft.Network/networkInterfaces/taskmanager-prod-vm-nic",
            "internal_dns_name_label": "",
            "internal_domain_name_suffix": "wsfgjjqfyilulhtyb4wzwhf2xg.zrhx.internal.cloudapp.net",
            "ip_configuration": [
              {
                "gateway_load_balancer_frontend_ip_configuration_id": "",
                "name": "internal",
                "primary": true,
                "private_ip_address": "10.0.1.4",
                "private_ip_address_allocation": "Dynamic",
                "private_ip_address_version": "IPv4",
                "public_ip_address_id": "/subscriptions/0d1fdf84-878c-482f-ae35-e26ebd56f136/resourceGroups/taskmanager-prod-rg/providers/Microsoft.Network/publicIPAddresses/taskmanager-prod-vm-pip",
                "subnet_id": "/subscriptions/0d1fdf84-878c-482f-ae35-e26ebd56f136/resourceGroups/taskmanager-prod-rg/providers/Microsoft.Network/virtualNetworks/taskmanager-prod-vnet/subnets/taskmanager-prod-app-subnet"
              }
            ],
            "ip_forwarding_enabled": false,
            "location": "switzerlandnorth",
            "mac_address": "7C-ED-8D-43-99-8D",
            "name": "taskmanager-prod-vm-nic",
            "private_ip_address": "10.0.1.4",
            "private_ip_addresses": [
              "10.0.1.4"
            ],
            "resource_group_name": "taskmanager-prod-rg",
            "tags": {
              "Component": "Networking",
              "CostCenter": "DevOps-Portfolio",
              "Environment": "Production",
              "ManagedBy": "Terraform",
              "Owner": "chedli.masmoudi01@gmail.com",
              "Project": "TaskManager"
            },
            "timeouts": null,
            "virtual_machine_id": "/subscriptions/0d1fdf84-878c-482f-ae35-e26ebd56f136/resourceGroups/taskmanager-prod-rg/providers/Microsoft.Compute/virtualMachines/taskmanager-prod-vm"
          },
          "sensitive_attributes": [],
          "private": "eyJlMmJmYjczMC1lY2FhLTExZTYtOGY4OC0zNDM2M2JjN2M0YzAiOnsiY3JlYXRlIjoxODAwMDAwMDAwMDAwLCJkZWxldGUiOjE4MDAwMDAwMDAwMDAsInJlYWQiOjMwMDAwMDAwMDAwMCwidXBkYXRlIjoxODAwMDAwMDAwMDAwfX0=",
          "dependencies": [
            "module.infrastructure.azurerm_public_ip.vm",
            "module.infrastructure.azurerm_resource_group.main",
            "module.infrastructure.azurerm_subnet.app",
            "module.infrastructure.azurerm_virtual_network.main"
          ]
        }
      ]
    },
    {
      "module": "module.infrastructure",
      "mode": "managed",
      "type": "azurerm_network_security_group",
      "name": "app",
      "provider": "module.infrastructure.provider[\"registry.terraform.io/hashicorp/azurerm\"]",
      "instances": [
        {
          "schema_version": 0,
          "attributes": {
            "id": "/subscriptions/0d1fdf84-878c-482f-ae35-e26ebd56f136/resourceGroups/taskmanager-prod-rg/providers/Microsoft.Network/networkSecurityGroups/taskmanager-prod-app-nsg",
            "location": "switzerlandnorth",
            "name": "taskmanager-prod-app-nsg",
            "resource_group_name": "taskmanager-prod-rg",
            "security_rule": [
              {
                "access": "Allow",
                "description": "",
                "destination_address_prefix": "*",
                "destination_address_prefixes": [],
                "destination_application_security_group_ids": [],
                "destination_port_range": "22",
                "destination_port_ranges": [],
                "direction": "Inbound",
                "name": "AllowSSH",
                "priority": 120,
                "protocol": "Tcp",
                "source_address_prefix": "102.156.242.116/32",
                "source_address_prefixes": [],
                "source_application_security_group_ids": [],
                "source_port_range": "*",
                "source_port_ranges": []
              },
              {
                "access": "Allow",
                "description": "",
                "destination_address_prefix": "*",
                "destination_address_prefixes": [],
                "destination_application_security_group_ids": [],
                "destination_port_range": "443",
                "destination_port_ranges": [],
                "direction": "Inbound",
                "name": "AllowHTTPS",
                "priority": 110,
                "protocol": "Tcp",
                "source_address_prefix": "*",
                "source_address_prefixes": [],
                "source_application_security_group_ids": [],
                "source_port_range": "*",
                "source_port_ranges": []
              },
              {
                "access": "Allow",
                "description": "",
                "destination_address_prefix": "*",
                "destination_address_prefixes": [],
                "destination_application_security_group_ids": [],
                "destination_port_range": "80",
                "destination_port_ranges": [],
                "direction": "Inbound",
                "name": "AllowHTTP",
                "priority": 100,
                "protocol": "Tcp",
                "source_address_prefix": "*",
                "source_address_prefixes": [],
                "source_application_security_group_ids": [],
                "source_port_range": "*",
                "source_port_ranges": []
              },
              {
                "access": "Deny",
                "description": "",
                "destination_address_prefix": "*",
                "destination_address_prefixes": [],
                "destination_application_security_group_ids": [],
                "destination_port_range": "*",
                "destination_port_ranges": [],
                "direction": "Inbound",
                "name": "DenyAllInbound",
                "priority": 4096,
                "protocol": "*",
                "source_address_prefix": "*",
                "source_address_prefixes": [],
                "source_application_security_group_ids": [],
                "source_port_range": "*",
                "source_port_ranges": []
              }
            ],
            "tags": {
              "Component": "Security",
              "CostCenter": "DevOps-Portfolio",
              "Environment": "Production",
              "ManagedBy": "Terraform",
              "Owner": "chedli.masmoudi01@gmail.com",
              "Project": "TaskManager"
            },
            "timeouts": null
          },
          "sensitive_attributes": [],
          "private": "eyJlMmJmYjczMC1lY2FhLTExZTYtOGY4OC0zNDM2M2JjN2M0YzAiOnsiY3JlYXRlIjoxODAwMDAwMDAwMDAwLCJkZWxldGUiOjE4MDAwMDAwMDAwMDAsInJlYWQiOjMwMDAwMDAwMDAwMCwidXBkYXRlIjoxODAwMDAwMDAwMDAwfX0=",
          "dependencies": [
            "module.infrastructure.azurerm_resource_group.main"
          ]
        }
      ]
    },
    {
      "module": "module.infrastructure",
      "mode": "managed",
      "type": "azurerm_network_security_rule",
      "name": "allow_http",
      "provider": "module.infrastructure.provider[\"registry.terraform.io/hashicorp/azurerm\"]",
      "instances": [
        {
          "schema_version": 0,
          "attributes": {
            "access": "Allow",
            "description": "",
            "destination_address_prefix": "*",
            "destination_address_prefixes": [],
            "destination_application_security_group_ids": [],
            "destination_port_range": "80",
            "destination_port_ranges": [],
            "direction": "Inbound",
            "id": "/subscriptions/0d1fdf84-878c-482f-ae35-e26ebd56f136/resourceGroups/taskmanager-prod-rg/providers/Microsoft.Network/networkSecurityGroups/taskmanager-prod-app-nsg/securityRules/AllowHTTP",
            "name": "AllowHTTP",
            "network_security_group_name": "taskmanager-prod-app-nsg",
            "priority": 100,
            "protocol": "Tcp",
            "resource_group_name": "taskmanager-prod-rg",
            "source_address_prefix": "*",
            "source_address_prefixes": [],
            "source_application_security_group_ids": [],
            "source_port_range": "*",
            "source_port_ranges": [],
            "timeouts": null
          },
          "sensitive_attributes": [],
          "private": "eyJlMmJmYjczMC1lY2FhLTExZTYtOGY4OC0zNDM2M2JjN2M0YzAiOnsiY3JlYXRlIjoxODAwMDAwMDAwMDAwLCJkZWxldGUiOjE4MDAwMDAwMDAwMDAsInJlYWQiOjMwMDAwMDAwMDAwMCwidXBkYXRlIjoxODAwMDAwMDAwMDAwfX0=",
          "dependencies": [
            "module.infrastructure.azurerm_network_security_group.app",
            "module.infrastructure.azurerm_resource_group.main"
          ]
        }
      ]
    },
    {
      "module": "module.infrastructure",
      "mode": "managed",
      "type": "azurerm_network_security_rule",
      "name": "allow_https",
      "provider": "module.infrastructure.provider[\"registry.terraform.io/hashicorp/azurerm\"]",
      "instances": [
        {
          "schema_version": 0,
          "attributes": {
            "access": "Allow",
            "description": "",
            "destination_address_prefix": "*",
            "destination_address_prefixes": [],
            "destination_application_security_group_ids": [],
            "destination_port_range": "443",
            "destination_port_ranges": [],
            "direction": "Inbound",
            "id": "/subscriptions/0d1fdf84-878c-482f-ae35-e26ebd56f136/resourceGroups/taskmanager-prod-rg/providers/Microsoft.Network/networkSecurityGroups/taskmanager-prod-app-nsg/securityRules/AllowHTTPS",
            "name": "AllowHTTPS",
            "network_security_group_name": "taskmanager-prod-app-nsg",
            "priority": 110,
            "protocol": "Tcp",
            "resource_group_name": "taskmanager-prod-rg",
            "source_address_prefix": "*",
            "source_address_prefixes": [],
            "source_application_security_group_ids": [],
            "source_port_range": "*",
            "source_port_ranges": [],
            "timeouts": null
          },
          "sensitive_attributes": [],
          "private": "eyJlMmJmYjczMC1lY2FhLTExZTYtOGY4OC0zNDM2M2JjN2M0YzAiOnsiY3JlYXRlIjoxODAwMDAwMDAwMDAwLCJkZWxldGUiOjE4MDAwMDAwMDAwMDAsInJlYWQiOjMwMDAwMDAwMDAwMCwidXBkYXRlIjoxODAwMDAwMDAwMDAwfX0=",
          "dependencies": [
            "module.infrastructure.azurerm_network_security_group.app",
            "module.infrastructure.azurerm_resource_group.main"
          ]
        }
      ]
    },
    {
      "module": "module.infrastructure",
      "mode": "managed",
      "type": "azurerm_network_security_rule",
      "name": "allow_ssh",
      "provider": "module.infrastructure.provider[\"registry.terraform.io/hashicorp/azurerm\"]",
      "instances": [
        {
          "schema_version": 0,
          "attributes": {
            "access": "Allow",
            "description": "",
            "destination_address_prefix": "*",
            "destination_address_prefixes": [],
            "destination_application_security_group_ids": [],
            "destination_port_range": "22",
            "destination_port_ranges": [],
            "direction": "Inbound",
            "id": "/subscriptions/0d1fdf84-878c-482f-ae35-e26ebd56f136/resourceGroups/taskmanager-prod-rg/providers/Microsoft.Network/networkSecurityGroups/taskmanager-prod-app-nsg/securityRules/AllowSSH",
            "name": "AllowSSH",
            "network_security_group_name": "taskmanager-prod-app-nsg",
            "priority": 120,
            "protocol": "Tcp",
            "resource_group_name": "taskmanager-prod-rg",
            "source_address_prefix": "102.156.242.116/32",
            "source_address_prefixes": [],
            "source_application_security_group_ids": [],
            "source_port_range": "*",
            "source_port_ranges": [],
            "timeouts": null
          },
          "sensitive_attributes": [],
          "private": "eyJlMmJmYjczMC1lY2FhLTExZTYtOGY4OC0zNDM2M2JjN2M0YzAiOnsiY3JlYXRlIjoxODAwMDAwMDAwMDAwLCJkZWxldGUiOjE4MDAwMDAwMDAwMDAsInJlYWQiOjMwMDAwMDAwMDAwMCwidXBkYXRlIjoxODAwMDAwMDAwMDAwfX0=",
          "dependencies": [
            "module.infrastructure.azurerm_network_security_group.app",
            "module.infrastructure.azurerm_resource_group.main"
          ]
        }
      ]
    },
    {
      "module": "module.infrastructure",
      "mode": "managed",
      "type": "azurerm_network_security_rule",
      "name": "deny_all_inbound",
      "provider": "module.infrastructure.provider[\"registry.terraform.io/hashicorp/azurerm\"]",
      "instances": [
        {
          "schema_version": 0,
          "attributes": {
            "access": "Deny",
            "description": "",
            "destination_address_prefix": "*",
            "destination_address_prefixes": [],
            "destination_application_security_group_ids": [],
            "destination_port_range": "*",
            "destination_port_ranges": [],
            "direction": "Inbound",
            "id": "/subscriptions/0d1fdf84-878c-482f-ae35-e26ebd56f136/resourceGroups/taskmanager-prod-rg/providers/Microsoft.Network/networkSecurityGroups/taskmanager-prod-app-nsg/securityRules/DenyAllInbound",
            "name": "DenyAllInbound",
            "network_security_group_name": "taskmanager-prod-app-nsg",
            "priority": 4096,
            "protocol": "*",
            "resource_group_name": "taskmanager-prod-rg",
            "source_address_prefix": "*",
            "source_address_prefixes": [],
            "source_application_security_group_ids": [],
            "source_port_range": "*",
            "source_port_ranges": [],
            "timeouts": null
          },
          "sensitive_attributes": [],
          "private": "eyJlMmJmYjczMC1lY2FhLTExZTYtOGY4OC0zNDM2M2JjN2M0YzAiOnsiY3JlYXRlIjoxODAwMDAwMDAwMDAwLCJkZWxldGUiOjE4MDAwMDAwMDAwMDAsInJlYWQiOjMwMDAwMDAwMDAwMCwidXBkYXRlIjoxODAwMDAwMDAwMDAwfX0=",
          "dependencies": [
            "module.infrastructure.azurerm_network_security_group.app",
            "module.infrastructure.azurerm_resource_group.main"
          ]
        }
      ]
    },
    {
      "module": "module.infrastructure",
      "mode": "managed",
      "type": "azurerm_public_ip",
      "name": "vm",
      "provider": "module.infrastructure.provider[\"registry.terraform.io/hashicorp/azurerm\"]",
      "instances": [
        {
          "schema_version": 0,
          "attributes": {
            "allocation_method": "Static",
            "ddos_protection_mode": "VirtualNetworkInherited",
            "ddos_protection_plan_id": null,
            "domain_name_label": null,
            "edge_zone": "",
            "fqdn": null,
            "id": "/subscriptions/0d1fdf84-878c-482f-ae35-e26ebd56f136/resourceGroups/taskmanager-prod-rg/providers/Microsoft.Network/publicIPAddresses/taskmanager-prod-vm-pip",
            "idle_timeout_in_minutes": 4,
            "ip_address": "20.199.177.125",
            "ip_tags": {},
            "ip_version": "IPv4",
            "location": "switzerlandnorth",
            "name": "taskmanager-prod-vm-pip",
            "public_ip_prefix_id": null,
            "resource_group_name": "taskmanager-prod-rg",
            "reverse_fqdn": null,
            "sku": "Standard",
            "sku_tier": "Regional",
            "tags": {
              "Component": "Networking",
              "CostCenter": "DevOps-Portfolio",
              "Environment": "Production",
              "ManagedBy": "Terraform",
              "Owner": "chedli.masmoudi01@gmail.com",
              "Project": "TaskManager"
            },
            "timeouts": null,
            "zones": []
          },
          "sensitive_attributes": [],
          "private": "eyJlMmJmYjczMC1lY2FhLTExZTYtOGY4OC0zNDM2M2JjN2M0YzAiOnsiY3JlYXRlIjoxODAwMDAwMDAwMDAwLCJkZWxldGUiOjE4MDAwMDAwMDAwMDAsInJlYWQiOjMwMDAwMDAwMDAwMCwidXBkYXRlIjoxODAwMDAwMDAwMDAwfX0=",
          "dependencies": [
            "module.infrastructure.azurerm_resource_group.main"
          ]
        }
      ]
    },
    {
      "module": "module.infrastructure",
      "mode": "managed",
      "type": "azurerm_resource_group",
      "name": "main",
      "provider": "module.infrastructure.provider[\"registry.terraform.io/hashicorp/azurerm\"]",
      "instances": [
        {
          "schema_version": 0,
          "attributes": {
            "id": "/subscriptions/0d1fdf84-878c-482f-ae35-e26ebd56f136/resourceGroups/taskmanager-prod-rg",
            "location": "switzerlandnorth",
            "managed_by": "",
            "name": "taskmanager-prod-rg",
            "tags": {
              "CostCenter": "DevOps-Portfolio",
              "Environment": "Production",
              "ManagedBy": "Terraform",
              "Owner": "chedli.masmoudi01@gmail.com",
              "Project": "TaskManager"
            },
            "timeouts": null
          },
          "sensitive_attributes": [],
          "private": "eyJlMmJmYjczMC1lY2FhLTExZTYtOGY4OC0zNDM2M2JjN2M0YzAiOnsiY3JlYXRlIjo1NDAwMDAwMDAwMDAwLCJkZWxldGUiOjU0MDAwMDAwMDAwMDAsInJlYWQiOjMwMDAwMDAwMDAwMCwidXBkYXRlIjo1NDAwMDAwMDAwMDAwfX0="
        }
      ]
    },
    {
      "module": "module.infrastructure",
      "mode": "managed",
      "type": "azurerm_role_assignment",
      "name": "vm_reader",
      "provider": "module.infrastructure.provider[\"registry.terraform.io/hashicorp/azurerm\"]",
      "instances": [
        {
          "schema_version": 0,
          "attributes": {
            "condition": "",
            "condition_version": "",
            "delegated_managed_identity_resource_id": "",
            "description": "",
            "id": "/subscriptions/0d1fdf84-878c-482f-ae35-e26ebd56f136/resourceGroups/taskmanager-prod-rg/providers/Microsoft.Authorization/roleAssignments/5b72735f-b64b-dc6a-103f-8e35715a950a",
            "name": "5b72735f-b64b-dc6a-103f-8e35715a950a",
            "principal_id": "ee60022a-b127-408c-bd52-c21a250afffb",
            "principal_type": "ServicePrincipal",
            "role_definition_id": "/subscriptions/0d1fdf84-878c-482f-ae35-e26ebd56f136/providers/Microsoft.Authorization/roleDefinitions/acdd72a7-3385-48ef-bd42-f606fba81ae7",
            "role_definition_name": "Reader",
            "scope": "/subscriptions/0d1fdf84-878c-482f-ae35-e26ebd56f136/resourceGroups/taskmanager-prod-rg",
            "skip_service_principal_aad_check": null,
            "timeouts": null
          },
          "sensitive_attributes": [],
          "private": "eyJlMmJmYjczMC1lY2FhLTExZTYtOGY4OC0zNDM2M2JjN2M0YzAiOnsiY3JlYXRlIjoxODAwMDAwMDAwMDAwLCJkZWxldGUiOjE4MDAwMDAwMDAwMDAsInJlYWQiOjMwMDAwMDAwMDAwMH19",
          "dependencies": [
            "module.infrastructure.azurerm_resource_group.main",
            "module.infrastructure.azurerm_user_assigned_identity.vm"
          ]
        }
      ]
    },
    {
      "module": "module.infrastructure",
      "mode": "managed",
      "type": "azurerm_role_assignment",
      "name": "vm_storage_contributor",
      "provider": "module.infrastructure.provider[\"registry.terraform.io/hashicorp/azurerm\"]",
      "instances": [
        {
          "schema_version": 0,
          "attributes": {
            "condition": "",
            "condition_version": "",
            "delegated_managed_identity_resource_id": "",
            "description": "",
            "id": "/subscriptions/0d1fdf84-878c-482f-ae35-e26ebd56f136/resourceGroups/taskmanager-prod-rg/providers/Microsoft.Storage/storageAccounts/taskmanagerproddauu8phs/providers/Microsoft.Authorization/roleAssignments/49c9f48a-f8d8-1e35-8282-ae1e29874432",
            "name": "49c9f48a-f8d8-1e35-8282-ae1e29874432",
            "principal_id": "ee60022a-b127-408c-bd52-c21a250afffb",
            "principal_type": "ServicePrincipal",
            "role_definition_id": "/subscriptions/0d1fdf84-878c-482f-ae35-e26ebd56f136/providers/Microsoft.Authorization/roleDefinitions/ba92f5b4-2d11-453d-a403-e96b0029c9fe",
            "role_definition_name": "Storage Blob Data Contributor",
            "scope": "/subscriptions/0d1fdf84-878c-482f-ae35-e26ebd56f136/resourceGroups/taskmanager-prod-rg/providers/Microsoft.Storage/storageAccounts/taskmanagerproddauu8phs",
            "skip_service_principal_aad_check": null,
            "timeouts": null
          },
          "sensitive_attributes": [],
          "private": "eyJlMmJmYjczMC1lY2FhLTExZTYtOGY4OC0zNDM2M2JjN2M0YzAiOnsiY3JlYXRlIjoxODAwMDAwMDAwMDAwLCJkZWxldGUiOjE4MDAwMDAwMDAwMDAsInJlYWQiOjMwMDAwMDAwMDAwMH19",
          "dependencies": [
            "module.infrastructure.azurerm_resource_group.main",
            "module.infrastructure.azurerm_storage_account.main",
            "module.infrastructure.azurerm_user_assigned_identity.vm",
            "module.infrastructure.random_string.storage"
          ]
        }
      ]
    },
    {
      "module": "module.infrastructure",
      "mode": "managed",
      "type": "azurerm_storage_account",
      "name": "main",
      "provider": "module.infrastructure.provider[\"registry.terraform.io/hashicorp/azurerm\"]",
      "instances": [
        {
          "schema_version": 4,
          "attributes": {
            "access_tier": "Hot",
            "account_kind": "StorageV2",
            "account_replication_type": "LRS",
            "account_tier": "Standard",
            "allow_nested_items_to_be_public": false,
            "allowed_copy_scope": "",
            "azure_files_authentication": [],
            "blob_properties": [
              {
                "change_feed_enabled": false,
                "change_feed_retention_in_days": 0,
                "container_delete_retention_policy": [],
                "cors_rule": [],
                "default_service_version": "",
                "delete_retention_policy": [],
                "last_access_time_enabled": false,
                "restore_policy": [],
                "versioning_enabled": false
              }
            ],
            "cross_tenant_replication_enabled": true,
            "custom_domain": [],
            "customer_managed_key": [],
            "default_to_oauth_authentication": false,
            "dns_endpoint_type": "Standard",
            "edge_zone": "",
            "enable_https_traffic_only": true,
            "https_traffic_only_enabled": true,
            "id": "/subscriptions/0d1fdf84-878c-482f-ae35-e26ebd56f136/resourceGroups/taskmanager-prod-rg/providers/Microsoft.Storage/storageAccounts/taskmanagerproddauu8phs",
            "identity": [],
            "immutability_policy": [],
            "infrastructure_encryption_enabled": false,
            "is_hns_enabled": false,
            "large_file_share_enabled": false,
            "local_user_enabled": true,
            "location": "switzerlandnorth",
            "min_tls_version": "TLS1_2",
            "name": "taskmanagerproddauu8phs",
            "network_rules": [],
            "nfsv3_enabled": false,
            "primary_access_key": "L+hrXawoBvAs9g2Nhgf91diOPGwTKc7EW0L6bbTUxQQ1lVMURj2WWd3wkIdsqJzAtTy0upI9lFiP+AStoAMeQg==",
            "primary_blob_connection_string": "DefaultEndpointsProtocol=https;BlobEndpoint=https://taskmanagerproddauu8phs.blob.core.windows.net/;AccountName=taskmanagerproddauu8phs;AccountKey=L+hrXawoBvAs9g2Nhgf91diOPGwTKc7EW0L6bbTUxQQ1lVMURj2WWd3wkIdsqJzAtTy0upI9lFiP+AStoAMeQg==",
            "primary_blob_endpoint": "https://taskmanagerproddauu8phs.blob.core.windows.net/",
            "primary_blob_host": "taskmanagerproddauu8phs.blob.core.windows.net",
            "primary_blob_internet_endpoint": "",
            "primary_blob_internet_host": "",
            "primary_blob_microsoft_endpoint": "",
            "primary_blob_microsoft_host": "",
            "primary_connection_string": "DefaultEndpointsProtocol=https;AccountName=taskmanagerproddauu8phs;AccountKey=L+hrXawoBvAs9g2Nhgf91diOPGwTKc7EW0L6bbTUxQQ1lVMURj2WWd3wkIdsqJzAtTy0upI9lFiP+AStoAMeQg==;EndpointSuffix=core.windows.net",
            "primary_dfs_endpoint": "https://taskmanagerproddauu8phs.dfs.core.windows.net/",
            "primary_dfs_host": "taskmanagerproddauu8phs.dfs.core.windows.net",
            "primary_dfs_internet_endpoint": "",
            "primary_dfs_internet_host": "",
            "primary_dfs_microsoft_endpoint": "",
            "primary_dfs_microsoft_host": "",
            "primary_file_endpoint": "https://taskmanagerproddauu8phs.file.core.windows.net/",
            "primary_file_host": "taskmanagerproddauu8phs.file.core.windows.net",
            "primary_file_internet_endpoint": "",
            "primary_file_internet_host": "",
            "primary_file_microsoft_endpoint": "",
            "primary_file_microsoft_host": "",
            "primary_location": "switzerlandnorth",
            "primary_queue_endpoint": "https://taskmanagerproddauu8phs.queue.core.windows.net/",
            "primary_queue_host": "taskmanagerproddauu8phs.queue.core.windows.net",
            "primary_queue_microsoft_endpoint": "",
            "primary_queue_microsoft_host": "",
            "primary_table_endpoint": "https://taskmanagerproddauu8phs.table.core.windows.net/",
            "primary_table_host": "taskmanagerproddauu8phs.table.core.windows.net",
            "primary_table_microsoft_endpoint": "",
            "primary_table_microsoft_host": "",
            "primary_web_endpoint": "https://taskmanagerproddauu8phs.z1.web.core.windows.net/",
            "primary_web_host": "taskmanagerproddauu8phs.z1.web.core.windows.net",
            "primary_web_internet_endpoint": "",
            "primary_web_internet_host": "",
            "primary_web_microsoft_endpoint": "",
            "primary_web_microsoft_host": "",
            "public_network_access_enabled": true,
            "queue_encryption_key_type": "Service",
            "queue_properties": [
              {
                "cors_rule": [],
                "hour_metrics": [
                  {
                    "enabled": false,
                    "include_apis": false,
                    "retention_policy_days": 0,
                    "version": "1.0"
                  }
                ],
                "logging": [
                  {
                    "delete": false,
                    "read": false,
                    "retention_policy_days": 0,
                    "version": "1.0",
                    "write": false
                  }
                ],
                "minute_metrics": [
                  {
                    "enabled": false,
                    "include_apis": false,
                    "retention_policy_days": 0,
                    "version": "1.0"
                  }
                ]
              }
            ],
            "resource_group_name": "taskmanager-prod-rg",
            "routing": [],
            "sas_policy": [],
            "secondary_access_key": "mE8QMzdeubR/mnkn8bOkNkBXSL13Oulh2/STRYlyIORAnY+59a8aFs9jD6JKPOQr397y+iw1hWuo+AStO3isqw==",
            "secondary_blob_connection_string": "",
            "secondary_blob_endpoint": "",
            "secondary_blob_host": "",
            "secondary_blob_internet_endpoint": "",
            "secondary_blob_internet_host": "",
            "secondary_blob_microsoft_endpoint": "",
            "secondary_blob_microsoft_host": "",
            "secondary_connection_string": "DefaultEndpointsProtocol=https;AccountName=taskmanagerproddauu8phs;AccountKey=mE8QMzdeubR/mnkn8bOkNkBXSL13Oulh2/STRYlyIORAnY+59a8aFs9jD6JKPOQr397y+iw1hWuo+AStO3isqw==;EndpointSuffix=core.windows.net",
            "secondary_dfs_endpoint": "",
            "secondary_dfs_host": "",
            "secondary_dfs_internet_endpoint": "",
            "secondary_dfs_internet_host": "",
            "secondary_dfs_microsoft_endpoint": "",
            "secondary_dfs_microsoft_host": "",
            "secondary_file_endpoint": "",
            "secondary_file_host": "",
            "secondary_file_internet_endpoint": "",
            "secondary_file_internet_host": "",
            "secondary_file_microsoft_endpoint": "",
            "secondary_file_microsoft_host": "",
            "secondary_location": "",
            "secondary_queue_endpoint": "",
            "secondary_queue_host": "",
            "secondary_queue_microsoft_endpoint": "",
            "secondary_queue_microsoft_host": "",
            "secondary_table_endpoint": "",
            "secondary_table_host": "",
            "secondary_table_microsoft_endpoint": "",
            "secondary_table_microsoft_host": "",
            "secondary_web_endpoint": "",
            "secondary_web_host": "",
            "secondary_web_internet_endpoint": "",
            "secondary_web_internet_host": "",
            "secondary_web_microsoft_endpoint": "",
            "secondary_web_microsoft_host": "",
            "sftp_enabled": false,
            "share_properties": [
              {
                "cors_rule": [],
                "retention_policy": [
                  {
                    "days": 7
                  }
                ],
                "smb": []
              }
            ],
            "shared_access_key_enabled": true,
            "static_website": [],
            "table_encryption_key_type": "Service",
            "tags": {
              "Component": "Storage",
              "CostCenter": "DevOps-Portfolio",
              "Environment": "Production",
              "ManagedBy": "Terraform",
              "Owner": "chedli.masmoudi01@gmail.com",
              "Project": "TaskManager"
            },
            "timeouts": null
          },
          "sensitive_attributes": [],
          "private": "eyJlMmJmYjczMC1lY2FhLTExZTYtOGY4OC0zNDM2M2JjN2M0YzAiOnsiY3JlYXRlIjozNjAwMDAwMDAwMDAwLCJkZWxldGUiOjM2MDAwMDAwMDAwMDAsInJlYWQiOjMwMDAwMDAwMDAwMCwidXBkYXRlIjozNjAwMDAwMDAwMDAwfSwic2NoZW1hX3ZlcnNpb24iOiI0In0=",
          "dependencies": [
            "module.infrastructure.azurerm_resource_group.main",
            "module.infrastructure.random_string.storage"
          ]
        }
      ]
    },
    {
      "module": "module.infrastructure",
      "mode": "managed",
      "type": "azurerm_storage_container",
      "name": "backups",
      "provider": "module.infrastructure.provider[\"registry.terraform.io/hashicorp/azurerm\"]",
      "instances": [
        {
          "schema_version": 1,
          "attributes": {
            "container_access_type": "private",
            "default_encryption_scope": "$account-encryption-key",
            "encryption_scope_override_enabled": true,
            "has_immutability_policy": false,
            "has_legal_hold": false,
            "id": "https://taskmanagerproddauu8phs.blob.core.windows.net/database-backups",
            "metadata": {},
            "name": "database-backups",
            "resource_manager_id": "/subscriptions/0d1fdf84-878c-482f-ae35-e26ebd56f136/resourceGroups/taskmanager-prod-rg/providers/Microsoft.Storage/storageAccounts/taskmanagerproddauu8phs/blobServices/default/containers/database-backups",
            "storage_account_name": "taskmanagerproddauu8phs",
            "timeouts": null
          },
          "sensitive_attributes": [],
          "private": "eyJlMmJmYjczMC1lY2FhLTExZTYtOGY4OC0zNDM2M2JjN2M0YzAiOnsiY3JlYXRlIjoxODAwMDAwMDAwMDAwLCJkZWxldGUiOjE4MDAwMDAwMDAwMDAsInJlYWQiOjMwMDAwMDAwMDAwMCwidXBkYXRlIjoxODAwMDAwMDAwMDAwfSwic2NoZW1hX3ZlcnNpb24iOiIxIn0=",
          "dependencies": [
            "module.infrastructure.azurerm_resource_group.main",
            "module.infrastructure.azurerm_storage_account.main",
            "module.infrastructure.random_string.storage"
          ]
        }
      ]
    },
    {
      "module": "module.infrastructure",
      "mode": "managed",
      "type": "azurerm_storage_container",
      "name": "logs",
      "provider": "module.infrastructure.provider[\"registry.terraform.io/hashicorp/azurerm\"]",
      "instances": [
        {
          "schema_version": 1,
          "attributes": {
            "container_access_type": "private",
            "default_encryption_scope": "$account-encryption-key",
            "encryption_scope_override_enabled": true,
            "has_immutability_policy": false,
            "has_legal_hold": false,
            "id": "https://taskmanagerproddauu8phs.blob.core.windows.net/application-logs",
            "metadata": {},
            "name": "application-logs",
            "resource_manager_id": "/subscriptions/0d1fdf84-878c-482f-ae35-e26ebd56f136/resourceGroups/taskmanager-prod-rg/providers/Microsoft.Storage/storageAccounts/taskmanagerproddauu8phs/blobServices/default/containers/application-logs",
            "storage_account_name": "taskmanagerproddauu8phs",
            "timeouts": null
          },
          "sensitive_attributes": [],
          "private": "eyJlMmJmYjczMC1lY2FhLTExZTYtOGY4OC0zNDM2M2JjN2M0YzAiOnsiY3JlYXRlIjoxODAwMDAwMDAwMDAwLCJkZWxldGUiOjE4MDAwMDAwMDAwMDAsInJlYWQiOjMwMDAwMDAwMDAwMCwidXBkYXRlIjoxODAwMDAwMDAwMDAwfSwic2NoZW1hX3ZlcnNpb24iOiIxIn0=",
          "dependencies": [
            "module.infrastructure.azurerm_resource_group.main",
            "module.infrastructure.azurerm_storage_account.main",
            "module.infrastructure.random_string.storage"
          ]
        }
      ]
    },
    {
      "module": "module.infrastructure",
      "mode": "managed",
      "type": "azurerm_storage_container",
      "name": "terraform_state",
      "provider": "module.infrastructure.provider[\"registry.terraform.io/hashicorp/azurerm\"]",
      "instances": [
        {
          "schema_version": 1,
          "attributes": {
            "container_access_type": "private",
            "default_encryption_scope": "$account-encryption-key",
            "encryption_scope_override_enabled": true,
            "has_immutability_policy": false,
            "has_legal_hold": false,
            "id": "https://taskmanagerproddauu8phs.blob.core.windows.net/terraform-state",
            "metadata": {},
            "name": "terraform-state",
            "resource_manager_id": "/subscriptions/0d1fdf84-878c-482f-ae35-e26ebd56f136/resourceGroups/taskmanager-prod-rg/providers/Microsoft.Storage/storageAccounts/taskmanagerproddauu8phs/blobServices/default/containers/terraform-state",
            "storage_account_name": "taskmanagerproddauu8phs",
            "timeouts": null
          },
          "sensitive_attributes": [],
          "private": "eyJlMmJmYjczMC1lY2FhLTExZTYtOGY4OC0zNDM2M2JjN2M0YzAiOnsiY3JlYXRlIjoxODAwMDAwMDAwMDAwLCJkZWxldGUiOjE4MDAwMDAwMDAwMDAsInJlYWQiOjMwMDAwMDAwMDAwMCwidXBkYXRlIjoxODAwMDAwMDAwMDAwfSwic2NoZW1hX3ZlcnNpb24iOiIxIn0=",
          "dependencies": [
            "module.infrastructure.azurerm_resource_group.main",
            "module.infrastructure.azurerm_storage_account.main",
            "module.infrastructure.random_string.storage"
          ]
        }
      ]
    },
    {
      "module": "module.infrastructure",
      "mode": "managed",
      "type": "azurerm_subnet",
      "name": "app",
      "provider": "module.infrastructure.provider[\"registry.terraform.io/hashicorp/azurerm\"]",
      "instances": [
        {
          "schema_version": 0,
          "attributes": {
            "address_prefixes": [
              "10.0.1.0/24"
            ],
            "default_outbound_access_enabled": true,
            "delegation": [],
            "enforce_private_link_endpoint_network_policies": false,
            "enforce_private_link_service_network_policies": false,
            "id": "/subscriptions/0d1fdf84-878c-482f-ae35-e26ebd56f136/resourceGroups/taskmanager-prod-rg/providers/Microsoft.Network/virtualNetworks/taskmanager-prod-vnet/subnets/taskmanager-prod-app-subnet",
            "name": "taskmanager-prod-app-subnet",
            "private_endpoint_network_policies": "Enabled",
            "private_endpoint_network_policies_enabled": true,
            "private_link_service_network_policies_enabled": true,
            "resource_group_name": "taskmanager-prod-rg",
            "service_endpoint_policy_ids": [],
            "service_endpoints": [],
            "timeouts": null,
            "virtual_network_name": "taskmanager-prod-vnet"
          },
          "sensitive_attributes": [],
          "private": "eyJlMmJmYjczMC1lY2FhLTExZTYtOGY4OC0zNDM2M2JjN2M0YzAiOnsiY3JlYXRlIjoxODAwMDAwMDAwMDAwLCJkZWxldGUiOjE4MDAwMDAwMDAwMDAsInJlYWQiOjMwMDAwMDAwMDAwMCwidXBkYXRlIjoxODAwMDAwMDAwMDAwfX0=",
          "dependencies": [
            "module.infrastructure.azurerm_resource_group.main",
            "module.infrastructure.azurerm_virtual_network.main"
          ]
        }
      ]
    },
    {
      "module": "module.infrastructure",
      "mode": "managed",
      "type": "azurerm_subnet",
      "name": "data",
      "provider": "module.infrastructure.provider[\"registry.terraform.io/hashicorp/azurerm\"]",
      "instances": [
        {
          "schema_version": 0,
          "attributes": {
            "address_prefixes": [
              "10.0.2.0/24"
            ],
            "default_outbound_access_enabled": true,
            "delegation": [],
            "enforce_private_link_endpoint_network_policies": false,
            "enforce_private_link_service_network_policies": false,
            "id": "/subscriptions/0d1fdf84-878c-482f-ae35-e26ebd56f136/resourceGroups/taskmanager-prod-rg/providers/Microsoft.Network/virtualNetworks/taskmanager-prod-vnet/subnets/taskmanager-prod-data-subnet",
            "name": "taskmanager-prod-data-subnet",
            "private_endpoint_network_policies": "Enabled",
            "private_endpoint_network_policies_enabled": true,
            "private_link_service_network_policies_enabled": true,
            "resource_group_name": "taskmanager-prod-rg",
            "service_endpoint_policy_ids": [],
            "service_endpoints": [
              "Microsoft.Sql",
              "Microsoft.Storage"
            ],
            "timeouts": null,
            "virtual_network_name": "taskmanager-prod-vnet"
          },
          "sensitive_attributes": [],
          "private": "eyJlMmJmYjczMC1lY2FhLTExZTYtOGY4OC0zNDM2M2JjN2M0YzAiOnsiY3JlYXRlIjoxODAwMDAwMDAwMDAwLCJkZWxldGUiOjE4MDAwMDAwMDAwMDAsInJlYWQiOjMwMDAwMDAwMDAwMCwidXBkYXRlIjoxODAwMDAwMDAwMDAwfX0=",
          "dependencies": [
            "module.infrastructure.azurerm_resource_group.main",
            "module.infrastructure.azurerm_virtual_network.main"
          ]
        }
      ]
    },
    {
      "module": "module.infrastructure",
      "mode": "managed",
      "type": "azurerm_subnet_network_security_group_association",
      "name": "app",
      "provider": "module.infrastructure.provider[\"registry.terraform.io/hashicorp/azurerm\"]",
      "instances": [
        {
          "schema_version": 0,
          "attributes": {
            "id": "/subscriptions/0d1fdf84-878c-482f-ae35-e26ebd56f136/resourceGroups/taskmanager-prod-rg/providers/Microsoft.Network/virtualNetworks/taskmanager-prod-vnet/subnets/taskmanager-prod-app-subnet",
            "network_security_group_id": "/subscriptions/0d1fdf84-878c-482f-ae35-e26ebd56f136/resourceGroups/taskmanager-prod-rg/providers/Microsoft.Network/networkSecurityGroups/taskmanager-prod-app-nsg",
            "subnet_id": "/subscriptions/0d1fdf84-878c-482f-ae35-e26ebd56f136/resourceGroups/taskmanager-prod-rg/providers/Microsoft.Network/virtualNetworks/taskmanager-prod-vnet/subnets/taskmanager-prod-app-subnet",
            "timeouts": null
          },
          "sensitive_attributes": [],
          "private": "eyJlMmJmYjczMC1lY2FhLTExZTYtOGY4OC0zNDM2M2JjN2M0YzAiOnsiY3JlYXRlIjoxODAwMDAwMDAwMDAwLCJkZWxldGUiOjE4MDAwMDAwMDAwMDAsInJlYWQiOjMwMDAwMDAwMDAwMH0sInNjaGVtYV92ZXJzaW9uIjoiMCJ9",
          "dependencies": [
            "module.infrastructure.azurerm_network_security_group.app",
            "module.infrastructure.azurerm_resource_group.main",
            "module.infrastructure.azurerm_subnet.app",
            "module.infrastructure.azurerm_virtual_network.main"
          ]
        }
      ]
    },
    {
      "module": "module.infrastructure",
      "mode": "managed",
      "type": "azurerm_user_assigned_identity",
      "name": "vm",
      "provider": "module.infrastructure.provider[\"registry.terraform.io/hashicorp/azurerm\"]",
      "instances": [
        {
          "schema_version": 1,
          "attributes": {
            "client_id": "46ce88b7-7c47-41be-89b5-a872b3ff0894",
            "id": "/subscriptions/0d1fdf84-878c-482f-ae35-e26ebd56f136/resourceGroups/taskmanager-prod-rg/providers/Microsoft.ManagedIdentity/userAssignedIdentities/taskmanager-prod-vm-identity",
            "location": "switzerlandnorth",
            "name": "taskmanager-prod-vm-identity",
            "principal_id": "ee60022a-b127-408c-bd52-c21a250afffb",
            "resource_group_name": "taskmanager-prod-rg",
            "tags": {
              "Component": "Security",
              "CostCenter": "DevOps-Portfolio",
              "Environment": "Production",
              "ManagedBy": "Terraform",
              "Owner": "chedli.masmoudi01@gmail.com",
              "Project": "TaskManager"
            },
            "tenant_id": "d51d3959-7754-447d-abe1-eb0ffcbdfb29",
            "timeouts": null
          },
          "sensitive_attributes": [],
          "private": "eyJlMmJmYjczMC1lY2FhLTExZTYtOGY4OC0zNDM2M2JjN2M0YzAiOnsiY3JlYXRlIjoxODAwMDAwMDAwMDAwLCJkZWxldGUiOjE4MDAwMDAwMDAwMDAsInJlYWQiOjMwMDAwMDAwMDAwMCwidXBkYXRlIjoxODAwMDAwMDAwMDAwfSwic2NoZW1hX3ZlcnNpb24iOiIxIn0=",
          "dependencies": [
            "module.infrastructure.azurerm_resource_group.main"
          ]
        }
      ]
    },
    {
      "module": "module.infrastructure",
      "mode": "managed",
      "type": "azurerm_virtual_network",
      "name": "main",
      "provider": "module.infrastructure.provider[\"registry.terraform.io/hashicorp/azurerm\"]",
      "instances": [
        {
          "schema_version": 0,
          "attributes": {
            "address_space": [
              "10.0.0.0/16"
            ],
            "bgp_community": "",
            "ddos_protection_plan": [],
            "dns_servers": [],
            "edge_zone": "",
            "encryption": [],
            "flow_timeout_in_minutes": 0,
            "guid": "a6648ab4-c205-4517-9e78-0fad9b1cbcbe",
            "id": "/subscriptions/0d1fdf84-878c-482f-ae35-e26ebd56f136/resourceGroups/taskmanager-prod-rg/providers/Microsoft.Network/virtualNetworks/taskmanager-prod-vnet",
            "location": "switzerlandnorth",
            "name": "taskmanager-prod-vnet",
            "resource_group_name": "taskmanager-prod-rg",
            "subnet": [
              {
                "address_prefix": "10.0.1.0/24",
                "id": "/subscriptions/0d1fdf84-878c-482f-ae35-e26ebd56f136/resourceGroups/taskmanager-prod-rg/providers/Microsoft.Network/virtualNetworks/taskmanager-prod-vnet/subnets/taskmanager-prod-app-subnet",
                "name": "taskmanager-prod-app-subnet",
                "security_group": "/subscriptions/0d1fdf84-878c-482f-ae35-e26ebd56f136/resourceGroups/taskmanager-prod-rg/providers/Microsoft.Network/networkSecurityGroups/taskmanager-prod-app-nsg"
              },
              {
                "address_prefix": "10.0.2.0/24",
                "id": "/subscriptions/0d1fdf84-878c-482f-ae35-e26ebd56f136/resourceGroups/taskmanager-prod-rg/providers/Microsoft.Network/virtualNetworks/taskmanager-prod-vnet/subnets/taskmanager-prod-data-subnet",
                "name": "taskmanager-prod-data-subnet",
                "security_group": ""
              }
            ],
            "tags": {
              "Component": "Networking",
              "CostCenter": "DevOps-Portfolio",
              "Environment": "Production",
              "ManagedBy": "Terraform",
              "Owner": "chedli.masmoudi01@gmail.com",
              "Project": "TaskManager"
            },
            "timeouts": null
          },
          "sensitive_attributes": [],
          "private": "eyJlMmJmYjczMC1lY2FhLTExZTYtOGY4OC0zNDM2M2JjN2M0YzAiOnsiY3JlYXRlIjoxODAwMDAwMDAwMDAwLCJkZWxldGUiOjE4MDAwMDAwMDAwMDAsInJlYWQiOjMwMDAwMDAwMDAwMCwidXBkYXRlIjoxODAwMDAwMDAwMDAwfX0=",
          "dependencies": [
            "module.infrastructure.azurerm_resource_group.main"
          ]
        }
      ]
    },
    {
      "module": "module.infrastructure",
      "mode": "managed",
      "type": "random_string",
      "name": "storage",
      "provider": "provider[\"registry.terraform.io/hashicorp/random\"]",
      "instances": [
        {
          "schema_version": 2,
          "attributes": {
            "id": "dauu8phs",
            "keepers": null,
            "length": 8,
            "lower": true,
            "min_lower": 0,
            "min_numeric": 0,
            "min_special": 0,
            "min_upper": 0,
            "number": true,
            "numeric": true,
            "override_special": null,
            "result": "dauu8phs",
            "special": false,
            "upper": false
          },
          "sensitive_attributes": []
        }
      ]
    }
  ],
  "check_results": null
}
